// !$*UTF8*$!
{
	archiveVersion = 1;
	classes = {
	};
	objectVersion = 48;
	objects = {

/* Begin PBXBuildFile section */
		6D0679061F803D8F0081574B /* PlayNode.m in Sources */ = {isa = PBXBuildFile; fileRef = 6D0679051F803D8F0081574B /* PlayNode.m */; };
		6D0679091F803DA20081574B /* StopNode.m in Sources */ = {isa = PBXBuildFile; fileRef = 6D0679081F803DA20081574B /* StopNode.m */; };
		6D06790C1F803DB00081574B /* CurrentTimeNode.m in Sources */ = {isa = PBXBuildFile; fileRef = 6D06790B1F803DB00081574B /* CurrentTimeNode.m */; };
		6D06790F1F804CDB0081574B /* TVNode.m in Sources */ = {isa = PBXBuildFile; fileRef = 6D06790E1F804CDB0081574B /* TVNode.m */; };
		6D14D0DC1F86C6A800726514 /* sample_video_iTunes.mov in Resources */ = {isa = PBXBuildFile; fileRef = 6D14D0DB1F86C6A800726514 /* sample_video_iTunes.mov */; };
		6D15BA301F744F4C002FABB0 /* PlaneRendererNode.m in Sources */ = {isa = PBXBuildFile; fileRef = 6D15BA2F1F744F4C002FABB0 /* PlaneRendererNode.m */; };
		6D1BB41F1F77D2C500E5175E /* SettingsViewController.m in Sources */ = {isa = PBXBuildFile; fileRef = 6D1BB41D1F77D2C500E5175E /* SettingsViewController.m */; };
		6D1BB4201F77D2C500E5175E /* SettingsViewController.xib in Resources */ = {isa = PBXBuildFile; fileRef = 6D1BB41E1F77D2C500E5175E /* SettingsViewController.xib */; };
		6D1BB4241F77D3B100E5175E /* PlayerViewController.m in Sources */ = {isa = PBXBuildFile; fileRef = 6D1BB4221F77D3B100E5175E /* PlayerViewController.m */; };
		6D1BB4251F77D3B100E5175E /* PlayerViewController.xib in Resources */ = {isa = PBXBuildFile; fileRef = 6D1BB4231F77D3B100E5175E /* PlayerViewController.xib */; };
		6D22FD051F768EAE006CDBD5 /* SettingsManager.m in Sources */ = {isa = PBXBuildFile; fileRef = 6D22FD041F768EAE006CDBD5 /* SettingsManager.m */; };
		6D2A5E321F73233F0095F03A /* AppDelegate.m in Sources */ = {isa = PBXBuildFile; fileRef = 6D2A5E311F73233F0095F03A /* AppDelegate.m */; };
		6D2A5E3A1F73233F0095F03A /* Assets.xcassets in Resources */ = {isa = PBXBuildFile; fileRef = 6D2A5E391F73233F0095F03A /* Assets.xcassets */; };
		6D2A5E3D1F73233F0095F03A /* LaunchScreen.storyboard in Resources */ = {isa = PBXBuildFile; fileRef = 6D2A5E3B1F73233F0095F03A /* LaunchScreen.storyboard */; };
		6D2A5E401F73233F0095F03A /* main.m in Sources */ = {isa = PBXBuildFile; fileRef = 6D2A5E3F1F73233F0095F03A /* main.m */; };
		6D2A5E481F7323930095F03A /* MediaPlayerNode.m in Sources */ = {isa = PBXBuildFile; fileRef = 6D2A5E471F7323920095F03A /* MediaPlayerNode.m */; };
		6DA2E01E1F7E655100B82663 /* Art.scnassets in Resources */ = {isa = PBXBuildFile; fileRef = 6DA2E01D1F7E655100B82663 /* Art.scnassets */; };
		6DCC3AB81F85785300E4C94B /* NextTrackNode.m in Sources */ = {isa = PBXBuildFile; fileRef = 6DCC3AB71F85785300E4C94B /* NextTrackNode.m */; };
		93B47298222EC41E00F1FF0C /* VideoRendererNode.m in Sources */ = {isa = PBXBuildFile; fileRef = 93B47297222EC41E00F1FF0C /* VideoRendererNode.m */; };
		93DA5A36222D3BA800CA1B8B /* PlaylistService.m in Sources */ = {isa = PBXBuildFile; fileRef = 93DA5A35222D3BA800CA1B8B /* PlaylistService.m */; };
		93DA5A3A222D3F1600CA1B8B /* ControlNode.m in Sources */ = {isa = PBXBuildFile; fileRef = 93DA5A39222D3F1600CA1B8B /* ControlNode.m */; };
		93DA5A3D222D458100CA1B8B /* PlaneRendererDelegate.m in Sources */ = {isa = PBXBuildFile; fileRef = 93DA5A3C222D458100CA1B8B /* PlaneRendererDelegate.m */; };
		93DA5A40222D48F900CA1B8B /* SceneGestureRecognizerDelegate.m in Sources */ = {isa = PBXBuildFile; fileRef = 93DA5A3F222D48F900CA1B8B /* SceneGestureRecognizerDelegate.m */; };
		93DA5A5C222D73B300CA1B8B /* NodePlaybackHandler.m in Sources */ = {isa = PBXBuildFile; fileRef = 93DA5A5B222D73B300CA1B8B /* NodePlaybackHandler.m */; };
		93DA5A5F222D76F800CA1B8B /* NodeInsertionHandler.m in Sources */ = {isa = PBXBuildFile; fileRef = 93DA5A5E222D76F800CA1B8B /* NodeInsertionHandler.m */; };
		93DA5A62222D77D200CA1B8B /* NodePositionHandler.m in Sources */ = {isa = PBXBuildFile; fileRef = 93DA5A61222D77D200CA1B8B /* NodePositionHandler.m */; };
		93DA5A65222D788800CA1B8B /* NodeRotationHandler.m in Sources */ = {isa = PBXBuildFile; fileRef = 93DA5A64222D788800CA1B8B /* NodeRotationHandler.m */; };
		93DA5A68222D797A00CA1B8B /* NodeScaleHandler.m in Sources */ = {isa = PBXBuildFile; fileRef = 93DA5A67222D797A00CA1B8B /* NodeScaleHandler.m */; };
		93DA5A6E222D99C900CA1B8B /* UIImpactFeedbackGenerator+Helpers.m in Sources */ = {isa = PBXBuildFile; fileRef = 93DA5A6D222D99C900CA1B8B /* UIImpactFeedbackGenerator+Helpers.m */; };
		93DA5A72222DC3F600CA1B8B /* NSDateFormatter+HelpersTests.m in Sources */ = {isa = PBXBuildFile; fileRef = 93DA5A71222DC3F600CA1B8B /* NSDateFormatter+HelpersTests.m */; };
		93E260E2222C35FB00C4C81D /* UIViewController+Helpers.m in Sources */ = {isa = PBXBuildFile; fileRef = 93E260E1222C35FB00C4C81D /* UIViewController+Helpers.m */; };
		93E260E5222C37F400C4C81D /* SCNNode+Helpers.m in Sources */ = {isa = PBXBuildFile; fileRef = 93E260E4222C37F400C4C81D /* SCNNode+Helpers.m */; };
		93E26102222C3C2800C4C81D /* AppDelegate.m in Sources */ = {isa = PBXBuildFile; fileRef = 93E26101222C3C2800C4C81D /* AppDelegate.m */; };
		93E26105222C3C2800C4C81D /* ViewController.m in Sources */ = {isa = PBXBuildFile; fileRef = 93E26104222C3C2800C4C81D /* ViewController.m */; };
		93E26108222C3C2800C4C81D /* Main.storyboard in Resources */ = {isa = PBXBuildFile; fileRef = 93E26106222C3C2800C4C81D /* Main.storyboard */; };
		93E2610A222C3C2A00C4C81D /* Assets.xcassets in Resources */ = {isa = PBXBuildFile; fileRef = 93E26109222C3C2A00C4C81D /* Assets.xcassets */; };
		93E2610D222C3C2A00C4C81D /* LaunchScreen.storyboard in Resources */ = {isa = PBXBuildFile; fileRef = 93E2610B222C3C2A00C4C81D /* LaunchScreen.storyboard */; };
		93E26110222C3C2A00C4C81D /* main.m in Sources */ = {isa = PBXBuildFile; fileRef = 93E2610F222C3C2A00C4C81D /* main.m */; };
		93E26126222C407500C4C81D /* SCNNode+HelpersTests.m in Sources */ = {isa = PBXBuildFile; fileRef = 93E26125222C407500C4C81D /* SCNNode+HelpersTests.m */; };
		93E2612D222C42CD00C4C81D /* Constants.m in Sources */ = {isa = PBXBuildFile; fileRef = 93E2612C222C42CD00C4C81D /* Constants.m */; };
		93E2612F222C4A2E00C4C81D /* SCNNode+Helpers.m in Sources */ = {isa = PBXBuildFile; fileRef = 93E260E4222C37F400C4C81D /* SCNNode+Helpers.m */; };
		93E26130222C4A3600C4C81D /* SCNNode+Helpers.m in Sources */ = {isa = PBXBuildFile; fileRef = 93E260E4222C37F400C4C81D /* SCNNode+Helpers.m */; };
		93E26132222C4D0500C4C81D /* SettingsTests.m in Sources */ = {isa = PBXBuildFile; fileRef = 93E26131222C4D0500C4C81D /* SettingsTests.m */; };
		93E26139222C5B1700C4C81D /* SettingsManager.m in Sources */ = {isa = PBXBuildFile; fileRef = 6D22FD041F768EAE006CDBD5 /* SettingsManager.m */; };
		93E2613A222C5B1700C4C81D /* SettingsManager.m in Sources */ = {isa = PBXBuildFile; fileRef = 6D22FD041F768EAE006CDBD5 /* SettingsManager.m */; };
		93E2613B222C5B2300C4C81D /* Constants.m in Sources */ = {isa = PBXBuildFile; fileRef = 93E2612C222C42CD00C4C81D /* Constants.m */; };
		93E2613C222C5B2400C4C81D /* Constants.m in Sources */ = {isa = PBXBuildFile; fileRef = 93E2612C222C42CD00C4C81D /* Constants.m */; };
		93ED08E0222C71910061433C /* SwitchTrackNode.m in Sources */ = {isa = PBXBuildFile; fileRef = 93ED08DF222C71910061433C /* SwitchTrackNode.m */; };
		93ED08E3222C72630061433C /* PreviousTrackNode.m in Sources */ = {isa = PBXBuildFile; fileRef = 93ED08E2222C72630061433C /* PreviousTrackNode.m */; };
		93ED08EB222C8A3E0061433C /* SCNMaterial+Contents.m in Sources */ = {isa = PBXBuildFile; fileRef = 93ED08EA222C8A3E0061433C /* SCNMaterial+Contents.m */; };
		93ED08ED222C8C830061433C /* SCNMaterial+ColorsTests.m in Sources */ = {isa = PBXBuildFile; fileRef = 93ED08EC222C8C830061433C /* SCNMaterial+ColorsTests.m */; };
		93ED08EE222C8CAA0061433C /* SCNMaterial+Contents.m in Sources */ = {isa = PBXBuildFile; fileRef = 93ED08EA222C8A3E0061433C /* SCNMaterial+Contents.m */; };
		93ED08EF222C8CAB0061433C /* SCNMaterial+Contents.m in Sources */ = {isa = PBXBuildFile; fileRef = 93ED08EA222C8A3E0061433C /* SCNMaterial+Contents.m */; };
		93ED08F2222C909A0061433C /* NSDateFormatter+Helpers.m in Sources */ = {isa = PBXBuildFile; fileRef = 93ED08F1222C909A0061433C /* NSDateFormatter+Helpers.m */; };
		93ED08F3222C90E10061433C /* NSDateFormatter+Helpers.m in Sources */ = {isa = PBXBuildFile; fileRef = 93ED08F1222C909A0061433C /* NSDateFormatter+Helpers.m */; };
		93ED08F4222C90E20061433C /* NSDateFormatter+Helpers.m in Sources */ = {isa = PBXBuildFile; fileRef = 93ED08F1222C909A0061433C /* NSDateFormatter+Helpers.m */; };
/* End PBXBuildFile section */

/* Begin PBXContainerItemProxy section */
		93E26116222C3C2A00C4C81D /* PBXContainerItemProxy */ = {
			isa = PBXContainerItemProxy;
			containerPortal = 6D2A5E251F73233F0095F03A /* Project object */;
			proxyType = 1;
			remoteGlobalIDString = 93E260FD222C3C2800C4C81D;
			remoteInfo = ARPlayerTestHarness;
		};
/* End PBXContainerItemProxy section */

/* Begin PBXFileReference section */
		6D0679041F803D8F0081574B /* PlayNode.h */ = {isa = PBXFileReference; lastKnownFileType = sourcecode.c.h; path = PlayNode.h; sourceTree = "<group>"; };
		6D0679051F803D8F0081574B /* PlayNode.m */ = {isa = PBXFileReference; lastKnownFileType = sourcecode.c.objc; path = PlayNode.m; sourceTree = "<group>"; };
		6D0679071F803DA20081574B /* StopNode.h */ = {isa = PBXFileReference; lastKnownFileType = sourcecode.c.h; path = StopNode.h; sourceTree = "<group>"; };
		6D0679081F803DA20081574B /* StopNode.m */ = {isa = PBXFileReference; lastKnownFileType = sourcecode.c.objc; path = StopNode.m; sourceTree = "<group>"; };
		6D06790A1F803DB00081574B /* CurrentTimeNode.h */ = {isa = PBXFileReference; lastKnownFileType = sourcecode.c.h; path = CurrentTimeNode.h; sourceTree = "<group>"; };
		6D06790B1F803DB00081574B /* CurrentTimeNode.m */ = {isa = PBXFileReference; lastKnownFileType = sourcecode.c.objc; path = CurrentTimeNode.m; sourceTree = "<group>"; };
		6D06790D1F804CDB0081574B /* TVNode.h */ = {isa = PBXFileReference; lastKnownFileType = sourcecode.c.h; path = TVNode.h; sourceTree = "<group>"; };
		6D06790E1F804CDB0081574B /* TVNode.m */ = {isa = PBXFileReference; lastKnownFileType = sourcecode.c.objc; path = TVNode.m; sourceTree = "<group>"; };
		6D14D0DB1F86C6A800726514 /* sample_video_iTunes.mov */ = {isa = PBXFileReference; lastKnownFileType = video.quicktime; path = sample_video_iTunes.mov; sourceTree = "<group>"; };
		6D15BA2E1F744F4C002FABB0 /* PlaneRendererNode.h */ = {isa = PBXFileReference; fileEncoding = 4; lastKnownFileType = sourcecode.c.h; path = PlaneRendererNode.h; sourceTree = "<group>"; };
		6D15BA2F1F744F4C002FABB0 /* PlaneRendererNode.m */ = {isa = PBXFileReference; fileEncoding = 4; lastKnownFileType = sourcecode.c.objc; path = PlaneRendererNode.m; sourceTree = "<group>"; };
		6D1BB41C1F77D2C500E5175E /* SettingsViewController.h */ = {isa = PBXFileReference; lastKnownFileType = sourcecode.c.h; path = SettingsViewController.h; sourceTree = "<group>"; };
		6D1BB41D1F77D2C500E5175E /* SettingsViewController.m */ = {isa = PBXFileReference; lastKnownFileType = sourcecode.c.objc; path = SettingsViewController.m; sourceTree = "<group>"; };
		6D1BB41E1F77D2C500E5175E /* SettingsViewController.xib */ = {isa = PBXFileReference; lastKnownFileType = file.xib; path = SettingsViewController.xib; sourceTree = "<group>"; };
		6D1BB4211F77D3B100E5175E /* PlayerViewController.h */ = {isa = PBXFileReference; lastKnownFileType = sourcecode.c.h; path = PlayerViewController.h; sourceTree = "<group>"; };
		6D1BB4221F77D3B100E5175E /* PlayerViewController.m */ = {isa = PBXFileReference; lastKnownFileType = sourcecode.c.objc; path = PlayerViewController.m; sourceTree = "<group>"; };
		6D1BB4231F77D3B100E5175E /* PlayerViewController.xib */ = {isa = PBXFileReference; lastKnownFileType = file.xib; path = PlayerViewController.xib; sourceTree = "<group>"; };
		6D22FD031F768EAE006CDBD5 /* SettingsManager.h */ = {isa = PBXFileReference; lastKnownFileType = sourcecode.c.h; path = SettingsManager.h; sourceTree = "<group>"; };
		6D22FD041F768EAE006CDBD5 /* SettingsManager.m */ = {isa = PBXFileReference; lastKnownFileType = sourcecode.c.objc; path = SettingsManager.m; sourceTree = "<group>"; };
		6D2A5E2D1F73233F0095F03A /* ARPlayer.app */ = {isa = PBXFileReference; explicitFileType = wrapper.application; includeInIndex = 0; path = ARPlayer.app; sourceTree = BUILT_PRODUCTS_DIR; };
		6D2A5E301F73233F0095F03A /* AppDelegate.h */ = {isa = PBXFileReference; lastKnownFileType = sourcecode.c.h; path = AppDelegate.h; sourceTree = "<group>"; };
		6D2A5E311F73233F0095F03A /* AppDelegate.m */ = {isa = PBXFileReference; lastKnownFileType = sourcecode.c.objc; path = AppDelegate.m; sourceTree = "<group>"; };
		6D2A5E391F73233F0095F03A /* Assets.xcassets */ = {isa = PBXFileReference; lastKnownFileType = folder.assetcatalog; path = Assets.xcassets; sourceTree = "<group>"; };
		6D2A5E3C1F73233F0095F03A /* Base */ = {isa = PBXFileReference; lastKnownFileType = file.storyboard; name = Base; path = Base.lproj/LaunchScreen.storyboard; sourceTree = "<group>"; };
		6D2A5E3E1F73233F0095F03A /* Info.plist */ = {isa = PBXFileReference; lastKnownFileType = text.plist.xml; path = Info.plist; sourceTree = "<group>"; };
		6D2A5E3F1F73233F0095F03A /* main.m */ = {isa = PBXFileReference; lastKnownFileType = sourcecode.c.objc; path = main.m; sourceTree = "<group>"; };
		6D2A5E461F7323920095F03A /* MediaPlayerNode.h */ = {isa = PBXFileReference; lastKnownFileType = sourcecode.c.h; path = MediaPlayerNode.h; sourceTree = "<group>"; };
		6D2A5E471F7323920095F03A /* MediaPlayerNode.m */ = {isa = PBXFileReference; lastKnownFileType = sourcecode.c.objc; path = MediaPlayerNode.m; sourceTree = "<group>"; };
		6DA2E01D1F7E655100B82663 /* Art.scnassets */ = {isa = PBXFileReference; lastKnownFileType = wrapper.scnassets; path = Art.scnassets; sourceTree = "<group>"; };
		6DCC3AB61F85785300E4C94B /* NextTrackNode.h */ = {isa = PBXFileReference; lastKnownFileType = sourcecode.c.h; path = NextTrackNode.h; sourceTree = "<group>"; };
		6DCC3AB71F85785300E4C94B /* NextTrackNode.m */ = {isa = PBXFileReference; lastKnownFileType = sourcecode.c.objc; path = NextTrackNode.m; sourceTree = "<group>"; };
		93B47296222EC41E00F1FF0C /* VideoRendererNode.h */ = {isa = PBXFileReference; lastKnownFileType = sourcecode.c.h; path = VideoRendererNode.h; sourceTree = "<group>"; };
		93B47297222EC41E00F1FF0C /* VideoRendererNode.m */ = {isa = PBXFileReference; lastKnownFileType = sourcecode.c.objc; path = VideoRendererNode.m; sourceTree = "<group>"; };
		93DA5A34222D3BA800CA1B8B /* PlaylistService.h */ = {isa = PBXFileReference; lastKnownFileType = sourcecode.c.h; path = PlaylistService.h; sourceTree = "<group>"; };
		93DA5A35222D3BA800CA1B8B /* PlaylistService.m */ = {isa = PBXFileReference; lastKnownFileType = sourcecode.c.objc; path = PlaylistService.m; sourceTree = "<group>"; };
		93DA5A37222D3EB100CA1B8B /* InteractableProtocol.h */ = {isa = PBXFileReference; lastKnownFileType = sourcecode.c.h; path = InteractableProtocol.h; sourceTree = "<group>"; };
		93DA5A38222D3F1600CA1B8B /* ControlNode.h */ = {isa = PBXFileReference; lastKnownFileType = sourcecode.c.h; path = ControlNode.h; sourceTree = "<group>"; };
		93DA5A39222D3F1600CA1B8B /* ControlNode.m */ = {isa = PBXFileReference; lastKnownFileType = sourcecode.c.objc; path = ControlNode.m; sourceTree = "<group>"; };
		93DA5A3B222D458100CA1B8B /* PlaneRendererDelegate.h */ = {isa = PBXFileReference; lastKnownFileType = sourcecode.c.h; path = PlaneRendererDelegate.h; sourceTree = "<group>"; };
		93DA5A3C222D458100CA1B8B /* PlaneRendererDelegate.m */ = {isa = PBXFileReference; lastKnownFileType = sourcecode.c.objc; path = PlaneRendererDelegate.m; sourceTree = "<group>"; };
		93DA5A3E222D48F900CA1B8B /* SceneGestureRecognizerDelegate.h */ = {isa = PBXFileReference; lastKnownFileType = sourcecode.c.h; path = SceneGestureRecognizerDelegate.h; sourceTree = "<group>"; };
		93DA5A3F222D48F900CA1B8B /* SceneGestureRecognizerDelegate.m */ = {isa = PBXFileReference; lastKnownFileType = sourcecode.c.objc; path = SceneGestureRecognizerDelegate.m; sourceTree = "<group>"; };
		93DA5A56222D670300CA1B8B /* GestureHandleProtocol.h */ = {isa = PBXFileReference; lastKnownFileType = sourcecode.c.h; path = GestureHandleProtocol.h; sourceTree = "<group>"; };
		93DA5A5A222D73B300CA1B8B /* NodePlaybackHandler.h */ = {isa = PBXFileReference; lastKnownFileType = sourcecode.c.h; path = NodePlaybackHandler.h; sourceTree = "<group>"; };
		93DA5A5B222D73B300CA1B8B /* NodePlaybackHandler.m */ = {isa = PBXFileReference; lastKnownFileType = sourcecode.c.objc; path = NodePlaybackHandler.m; sourceTree = "<group>"; };
		93DA5A5D222D76F800CA1B8B /* NodeInsertionHandler.h */ = {isa = PBXFileReference; lastKnownFileType = sourcecode.c.h; path = NodeInsertionHandler.h; sourceTree = "<group>"; };
		93DA5A5E222D76F800CA1B8B /* NodeInsertionHandler.m */ = {isa = PBXFileReference; lastKnownFileType = sourcecode.c.objc; path = NodeInsertionHandler.m; sourceTree = "<group>"; };
		93DA5A60222D77D200CA1B8B /* NodePositionHandler.h */ = {isa = PBXFileReference; lastKnownFileType = sourcecode.c.h; path = NodePositionHandler.h; sourceTree = "<group>"; };
		93DA5A61222D77D200CA1B8B /* NodePositionHandler.m */ = {isa = PBXFileReference; lastKnownFileType = sourcecode.c.objc; path = NodePositionHandler.m; sourceTree = "<group>"; };
		93DA5A63222D788800CA1B8B /* NodeRotationHandler.h */ = {isa = PBXFileReference; lastKnownFileType = sourcecode.c.h; path = NodeRotationHandler.h; sourceTree = "<group>"; };
		93DA5A64222D788800CA1B8B /* NodeRotationHandler.m */ = {isa = PBXFileReference; lastKnownFileType = sourcecode.c.objc; path = NodeRotationHandler.m; sourceTree = "<group>"; };
		93DA5A66222D797A00CA1B8B /* NodeScaleHandler.h */ = {isa = PBXFileReference; lastKnownFileType = sourcecode.c.h; path = NodeScaleHandler.h; sourceTree = "<group>"; };
		93DA5A67222D797A00CA1B8B /* NodeScaleHandler.m */ = {isa = PBXFileReference; lastKnownFileType = sourcecode.c.objc; path = NodeScaleHandler.m; sourceTree = "<group>"; };
		93DA5A6C222D99C900CA1B8B /* UIImpactFeedbackGenerator+Helpers.h */ = {isa = PBXFileReference; lastKnownFileType = sourcecode.c.h; path = "UIImpactFeedbackGenerator+Helpers.h"; sourceTree = "<group>"; };
		93DA5A6D222D99C900CA1B8B /* UIImpactFeedbackGenerator+Helpers.m */ = {isa = PBXFileReference; lastKnownFileType = sourcecode.c.objc; path = "UIImpactFeedbackGenerator+Helpers.m"; sourceTree = "<group>"; };
		93DA5A71222DC3F600CA1B8B /* NSDateFormatter+HelpersTests.m */ = {isa = PBXFileReference; lastKnownFileType = sourcecode.c.objc; path = "NSDateFormatter+HelpersTests.m"; sourceTree = "<group>"; };
		93E260E0222C35FB00C4C81D /* UIViewController+Helpers.h */ = {isa = PBXFileReference; lastKnownFileType = sourcecode.c.h; path = "UIViewController+Helpers.h"; sourceTree = "<group>"; };
		93E260E1222C35FB00C4C81D /* UIViewController+Helpers.m */ = {isa = PBXFileReference; lastKnownFileType = sourcecode.c.objc; path = "UIViewController+Helpers.m"; sourceTree = "<group>"; };
		93E260E3222C37F400C4C81D /* SCNNode+Helpers.h */ = {isa = PBXFileReference; lastKnownFileType = sourcecode.c.h; path = "SCNNode+Helpers.h"; sourceTree = "<group>"; };
		93E260E4222C37F400C4C81D /* SCNNode+Helpers.m */ = {isa = PBXFileReference; lastKnownFileType = sourcecode.c.objc; path = "SCNNode+Helpers.m"; sourceTree = "<group>"; };
		93E260FE222C3C2800C4C81D /* ARPlayerTestHarness.app */ = {isa = PBXFileReference; explicitFileType = wrapper.application; includeInIndex = 0; path = ARPlayerTestHarness.app; sourceTree = BUILT_PRODUCTS_DIR; };
		93E26100222C3C2800C4C81D /* AppDelegate.h */ = {isa = PBXFileReference; lastKnownFileType = sourcecode.c.h; path = AppDelegate.h; sourceTree = "<group>"; };
		93E26101222C3C2800C4C81D /* AppDelegate.m */ = {isa = PBXFileReference; lastKnownFileType = sourcecode.c.objc; path = AppDelegate.m; sourceTree = "<group>"; };
		93E26103222C3C2800C4C81D /* ViewController.h */ = {isa = PBXFileReference; lastKnownFileType = sourcecode.c.h; path = ViewController.h; sourceTree = "<group>"; };
		93E26104222C3C2800C4C81D /* ViewController.m */ = {isa = PBXFileReference; lastKnownFileType = sourcecode.c.objc; path = ViewController.m; sourceTree = "<group>"; };
		93E26107222C3C2800C4C81D /* Base */ = {isa = PBXFileReference; lastKnownFileType = file.storyboard; name = Base; path = Base.lproj/Main.storyboard; sourceTree = "<group>"; };
		93E26109222C3C2A00C4C81D /* Assets.xcassets */ = {isa = PBXFileReference; lastKnownFileType = folder.assetcatalog; path = Assets.xcassets; sourceTree = "<group>"; };
		93E2610C222C3C2A00C4C81D /* Base */ = {isa = PBXFileReference; lastKnownFileType = file.storyboard; name = Base; path = Base.lproj/LaunchScreen.storyboard; sourceTree = "<group>"; };
		93E2610E222C3C2A00C4C81D /* Info.plist */ = {isa = PBXFileReference; lastKnownFileType = text.plist.xml; path = Info.plist; sourceTree = "<group>"; };
		93E2610F222C3C2A00C4C81D /* main.m */ = {isa = PBXFileReference; lastKnownFileType = sourcecode.c.objc; path = main.m; sourceTree = "<group>"; };
		93E26115222C3C2A00C4C81D /* ARPlayerTests.xctest */ = {isa = PBXFileReference; explicitFileType = wrapper.cfbundle; includeInIndex = 0; path = ARPlayerTests.xctest; sourceTree = BUILT_PRODUCTS_DIR; };
		93E2611B222C3C2A00C4C81D /* Info.plist */ = {isa = PBXFileReference; lastKnownFileType = text.plist.xml; path = Info.plist; sourceTree = "<group>"; };
		93E26125222C407500C4C81D /* SCNNode+HelpersTests.m */ = {isa = PBXFileReference; lastKnownFileType = sourcecode.c.objc; path = "SCNNode+HelpersTests.m"; sourceTree = "<group>"; };
		93E2612B222C42CD00C4C81D /* Constants.h */ = {isa = PBXFileReference; lastKnownFileType = sourcecode.c.h; path = Constants.h; sourceTree = "<group>"; };
		93E2612C222C42CD00C4C81D /* Constants.m */ = {isa = PBXFileReference; lastKnownFileType = sourcecode.c.objc; path = Constants.m; sourceTree = "<group>"; };
		93E26131222C4D0500C4C81D /* SettingsTests.m */ = {isa = PBXFileReference; lastKnownFileType = sourcecode.c.objc; path = SettingsTests.m; sourceTree = "<group>"; };
		93ED08DE222C71910061433C /* SwitchTrackNode.h */ = {isa = PBXFileReference; lastKnownFileType = sourcecode.c.h; path = SwitchTrackNode.h; sourceTree = "<group>"; };
		93ED08DF222C71910061433C /* SwitchTrackNode.m */ = {isa = PBXFileReference; lastKnownFileType = sourcecode.c.objc; path = SwitchTrackNode.m; sourceTree = "<group>"; };
		93ED08E1222C72630061433C /* PreviousTrackNode.h */ = {isa = PBXFileReference; lastKnownFileType = sourcecode.c.h; path = PreviousTrackNode.h; sourceTree = "<group>"; };
		93ED08E2222C72630061433C /* PreviousTrackNode.m */ = {isa = PBXFileReference; lastKnownFileType = sourcecode.c.objc; path = PreviousTrackNode.m; sourceTree = "<group>"; };
		93ED08E9222C8A3E0061433C /* SCNMaterial+Contents.h */ = {isa = PBXFileReference; lastKnownFileType = sourcecode.c.h; path = "SCNMaterial+Contents.h"; sourceTree = "<group>"; };
		93ED08EA222C8A3E0061433C /* SCNMaterial+Contents.m */ = {isa = PBXFileReference; lastKnownFileType = sourcecode.c.objc; path = "SCNMaterial+Contents.m"; sourceTree = "<group>"; };
		93ED08EC222C8C830061433C /* SCNMaterial+ColorsTests.m */ = {isa = PBXFileReference; lastKnownFileType = sourcecode.c.objc; path = "SCNMaterial+ColorsTests.m"; sourceTree = "<group>"; };
		93ED08F0222C909A0061433C /* NSDateFormatter+Helpers.h */ = {isa = PBXFileReference; lastKnownFileType = sourcecode.c.h; path = "NSDateFormatter+Helpers.h"; sourceTree = "<group>"; };
		93ED08F1222C909A0061433C /* NSDateFormatter+Helpers.m */ = {isa = PBXFileReference; lastKnownFileType = sourcecode.c.objc; path = "NSDateFormatter+Helpers.m"; sourceTree = "<group>"; };
/* End PBXFileReference section */

/* Begin PBXFrameworksBuildPhase section */
		6D2A5E2A1F73233F0095F03A /* Frameworks */ = {
			isa = PBXFrameworksBuildPhase;
			buildActionMask = 2147483647;
			files = (
			);
			runOnlyForDeploymentPostprocessing = 0;
		};
		93E260FB222C3C2800C4C81D /* Frameworks */ = {
			isa = PBXFrameworksBuildPhase;
			buildActionMask = 2147483647;
			files = (
			);
			runOnlyForDeploymentPostprocessing = 0;
		};
		93E26112222C3C2A00C4C81D /* Frameworks */ = {
			isa = PBXFrameworksBuildPhase;
			buildActionMask = 2147483647;
			files = (
			);
			runOnlyForDeploymentPostprocessing = 0;
		};
/* End PBXFrameworksBuildPhase section */

/* Begin PBXGroup section */
		6D14D0DA1F86C6A800726514 /* Resources */ = {
			isa = PBXGroup;
			children = (
				6D2A5E3B1F73233F0095F03A /* LaunchScreen.storyboard */,
				6D14D0DB1F86C6A800726514 /* sample_video_iTunes.mov */,
				6D2A5E391F73233F0095F03A /* Assets.xcassets */,
				6DA2E01D1F7E655100B82663 /* Art.scnassets */,
			);
			path = Resources;
			sourceTree = "<group>";
		};
		6D1BB4151F77BDE100E5175E /* ViewControllers */ = {
			isa = PBXGroup;
			children = (
				93DA5A41222D490300CA1B8B /* Delegates */,
				6D1BB4211F77D3B100E5175E /* PlayerViewController.h */,
				6D1BB4221F77D3B100E5175E /* PlayerViewController.m */,
				6D1BB4231F77D3B100E5175E /* PlayerViewController.xib */,
				6D1BB41C1F77D2C500E5175E /* SettingsViewController.h */,
				6D1BB41D1F77D2C500E5175E /* SettingsViewController.m */,
				6D1BB41E1F77D2C500E5175E /* SettingsViewController.xib */,
			);
			path = ViewControllers;
			sourceTree = "<group>";
		};
		6D1CAD521F77162C00D250CB /* Nodes */ = {
			isa = PBXGroup;
			children = (
				93ED08E7222C79AC0061433C /* Protocols */,
				93DA5A6F222D9F9B00CA1B8B /* ControlNodes */,
				6D2A5E461F7323920095F03A /* MediaPlayerNode.h */,
				6D2A5E471F7323920095F03A /* MediaPlayerNode.m */,
				6D15BA2E1F744F4C002FABB0 /* PlaneRendererNode.h */,
				6D15BA2F1F744F4C002FABB0 /* PlaneRendererNode.m */,
				6D06790A1F803DB00081574B /* CurrentTimeNode.h */,
				6D06790B1F803DB00081574B /* CurrentTimeNode.m */,
			);
			path = Nodes;
			sourceTree = "<group>";
		};
		6D2A5E241F73233F0095F03A = {
			isa = PBXGroup;
			children = (
				6D2A5E2F1F73233F0095F03A /* ARPlayer */,
				93E260FF222C3C2800C4C81D /* ARPlayerTestHarness */,
				93E26118222C3C2A00C4C81D /* ARPlayerTests */,
				6D2A5E2E1F73233F0095F03A /* Products */,
			);
			sourceTree = "<group>";
		};
		6D2A5E2E1F73233F0095F03A /* Products */ = {
			isa = PBXGroup;
			children = (
				6D2A5E2D1F73233F0095F03A /* ARPlayer.app */,
				93E260FE222C3C2800C4C81D /* ARPlayerTestHarness.app */,
				93E26115222C3C2A00C4C81D /* ARPlayerTests.xctest */,
			);
			name = Products;
			sourceTree = "<group>";
		};
		6D2A5E2F1F73233F0095F03A /* ARPlayer */ = {
			isa = PBXGroup;
			children = (
				93DA5A33222D3B9100CA1B8B /* Services */,
				6D1BB4151F77BDE100E5175E /* ViewControllers */,
				6D1CAD521F77162C00D250CB /* Nodes */,
				93E260DF222C324E00C4C81D /* Categories */,
				93E26133222C4EC900C4C81D /* Settings */,
				93E26134222C4EDD00C4C81D /* Gestures */,
				93E26127222C40A300C4C81D /* Utils */,
				6D14D0DA1F86C6A800726514 /* Resources */,
				6D2A5E301F73233F0095F03A /* AppDelegate.h */,
				6D2A5E311F73233F0095F03A /* AppDelegate.m */,
				6D2A5E3F1F73233F0095F03A /* main.m */,
				6D2A5E3E1F73233F0095F03A /* Info.plist */,
			);
			path = ARPlayer;
			sourceTree = "<group>";
		};
		93DA5A33222D3B9100CA1B8B /* Services */ = {
			isa = PBXGroup;
			children = (
				93DA5A34222D3BA800CA1B8B /* PlaylistService.h */,
				93DA5A35222D3BA800CA1B8B /* PlaylistService.m */,
			);
			path = Services;
			sourceTree = "<group>";
		};
		93DA5A41222D490300CA1B8B /* Delegates */ = {
			isa = PBXGroup;
			children = (
				93DA5A3B222D458100CA1B8B /* PlaneRendererDelegate.h */,
				93DA5A3C222D458100CA1B8B /* PlaneRendererDelegate.m */,
			);
			path = Delegates;
			sourceTree = "<group>";
		};
		93DA5A6F222D9F9B00CA1B8B /* ControlNodes */ = {
			isa = PBXGroup;
			children = (
				93ED08E8222C86240061433C /* SwitchTrackNodes */,
				93DA5A38222D3F1600CA1B8B /* ControlNode.h */,
				93DA5A39222D3F1600CA1B8B /* ControlNode.m */,
				6D0679041F803D8F0081574B /* PlayNode.h */,
				6D0679051F803D8F0081574B /* PlayNode.m */,
				6D0679071F803DA20081574B /* StopNode.h */,
				6D0679081F803DA20081574B /* StopNode.m */,
				6D06790D1F804CDB0081574B /* TVNode.h */,
				6D06790E1F804CDB0081574B /* TVNode.m */,
				93B47296222EC41E00F1FF0C /* VideoRendererNode.h */,
				93B47297222EC41E00F1FF0C /* VideoRendererNode.m */,
			);
			path = ControlNodes;
			sourceTree = "<group>";
		};
		93DA5A70222DBA4200CA1B8B /* Protocols */ = {
			isa = PBXGroup;
			children = (
				93DA5A56222D670300CA1B8B /* GestureHandleProtocol.h */,
			);
			path = Protocols;
			sourceTree = "<group>";
		};
		93E260DF222C324E00C4C81D /* Categories */ = {
			isa = PBXGroup;
			children = (
				93E260E0222C35FB00C4C81D /* UIViewController+Helpers.h */,
				93E260E1222C35FB00C4C81D /* UIViewController+Helpers.m */,
				93E260E3222C37F400C4C81D /* SCNNode+Helpers.h */,
				93E260E4222C37F400C4C81D /* SCNNode+Helpers.m */,
				93ED08E9222C8A3E0061433C /* SCNMaterial+Contents.h */,
				93ED08EA222C8A3E0061433C /* SCNMaterial+Contents.m */,
				93ED08F0222C909A0061433C /* NSDateFormatter+Helpers.h */,
				93ED08F1222C909A0061433C /* NSDateFormatter+Helpers.m */,
				93DA5A6C222D99C900CA1B8B /* UIImpactFeedbackGenerator+Helpers.h */,
				93DA5A6D222D99C900CA1B8B /* UIImpactFeedbackGenerator+Helpers.m */,
			);
			path = Categories;
			sourceTree = "<group>";
		};
		93E260FF222C3C2800C4C81D /* ARPlayerTestHarness */ = {
			isa = PBXGroup;
			children = (
				93E26100222C3C2800C4C81D /* AppDelegate.h */,
				93E26101222C3C2800C4C81D /* AppDelegate.m */,
				93E26103222C3C2800C4C81D /* ViewController.h */,
				93E26104222C3C2800C4C81D /* ViewController.m */,
				93E26106222C3C2800C4C81D /* Main.storyboard */,
				93E26109222C3C2A00C4C81D /* Assets.xcassets */,
				93E2610B222C3C2A00C4C81D /* LaunchScreen.storyboard */,
				93E2610E222C3C2A00C4C81D /* Info.plist */,
				93E2610F222C3C2A00C4C81D /* main.m */,
			);
			path = ARPlayerTestHarness;
			sourceTree = "<group>";
		};
		93E26118222C3C2A00C4C81D /* ARPlayerTests */ = {
			isa = PBXGroup;
			children = (
				93E26125222C407500C4C81D /* SCNNode+HelpersTests.m */,
				93E26131222C4D0500C4C81D /* SettingsTests.m */,
				93ED08EC222C8C830061433C /* SCNMaterial+ColorsTests.m */,
				93DA5A71222DC3F600CA1B8B /* NSDateFormatter+HelpersTests.m */,
				93E2611B222C3C2A00C4C81D /* Info.plist */,
			);
			path = ARPlayerTests;
			sourceTree = "<group>";
		};
		93E26127222C40A300C4C81D /* Utils */ = {
			isa = PBXGroup;
			children = (
				93E2612B222C42CD00C4C81D /* Constants.h */,
				93E2612C222C42CD00C4C81D /* Constants.m */,
			);
			path = Utils;
			sourceTree = "<group>";
		};
		93E26133222C4EC900C4C81D /* Settings */ = {
			isa = PBXGroup;
			children = (
				6D22FD031F768EAE006CDBD5 /* SettingsManager.h */,
				6D22FD041F768EAE006CDBD5 /* SettingsManager.m */,
			);
			path = Settings;
			sourceTree = "<group>";
		};
		93E26134222C4EDD00C4C81D /* Gestures */ = {
			isa = PBXGroup;
			children = (
				93DA5A70222DBA4200CA1B8B /* Protocols */,
				93DA5A3E222D48F900CA1B8B /* SceneGestureRecognizerDelegate.h */,
				93DA5A3F222D48F900CA1B8B /* SceneGestureRecognizerDelegate.m */,
				93DA5A5A222D73B300CA1B8B /* NodePlaybackHandler.h */,
				93DA5A5B222D73B300CA1B8B /* NodePlaybackHandler.m */,
				93DA5A5D222D76F800CA1B8B /* NodeInsertionHandler.h */,
				93DA5A5E222D76F800CA1B8B /* NodeInsertionHandler.m */,
				93DA5A60222D77D200CA1B8B /* NodePositionHandler.h */,
				93DA5A61222D77D200CA1B8B /* NodePositionHandler.m */,
				93DA5A63222D788800CA1B8B /* NodeRotationHandler.h */,
				93DA5A64222D788800CA1B8B /* NodeRotationHandler.m */,
				93DA5A66222D797A00CA1B8B /* NodeScaleHandler.h */,
				93DA5A67222D797A00CA1B8B /* NodeScaleHandler.m */,
			);
			path = Gestures;
			sourceTree = "<group>";
		};
		93ED08E7222C79AC0061433C /* Protocols */ = {
			isa = PBXGroup;
			children = (
				93DA5A37222D3EB100CA1B8B /* InteractableProtocol.h */,
			);
			path = Protocols;
			sourceTree = "<group>";
		};
		93ED08E8222C86240061433C /* SwitchTrackNodes */ = {
			isa = PBXGroup;
			children = (
				93ED08DE222C71910061433C /* SwitchTrackNode.h */,
				93ED08DF222C71910061433C /* SwitchTrackNode.m */,
				93ED08E1222C72630061433C /* PreviousTrackNode.h */,
				93ED08E2222C72630061433C /* PreviousTrackNode.m */,
				6DCC3AB61F85785300E4C94B /* NextTrackNode.h */,
				6DCC3AB71F85785300E4C94B /* NextTrackNode.m */,
			);
			path = SwitchTrackNodes;
			sourceTree = "<group>";
		};
/* End PBXGroup section */

/* Begin PBXNativeTarget section */
		6D2A5E2C1F73233F0095F03A /* ARPlayer */ = {
			isa = PBXNativeTarget;
			buildConfigurationList = 6D2A5E431F73233F0095F03A /* Build configuration list for PBXNativeTarget "ARPlayer" */;
			buildPhases = (
				6D2A5E291F73233F0095F03A /* Sources */,
				6D2A5E2A1F73233F0095F03A /* Frameworks */,
				6D2A5E2B1F73233F0095F03A /* Resources */,
			);
			buildRules = (
			);
			dependencies = (
			);
			name = ARPlayer;
			productName = ARPlayer;
			productReference = 6D2A5E2D1F73233F0095F03A /* ARPlayer.app */;
			productType = "com.apple.product-type.application";
		};
		93E260FD222C3C2800C4C81D /* ARPlayerTestHarness */ = {
			isa = PBXNativeTarget;
			buildConfigurationList = 93E2611C222C3C2A00C4C81D /* Build configuration list for PBXNativeTarget "ARPlayerTestHarness" */;
			buildPhases = (
				93E260FA222C3C2800C4C81D /* Sources */,
				93E260FB222C3C2800C4C81D /* Frameworks */,
				93E260FC222C3C2800C4C81D /* Resources */,
			);
			buildRules = (
			);
			dependencies = (
			);
			name = ARPlayerTestHarness;
			productName = ARPlayerTestHarness;
			productReference = 93E260FE222C3C2800C4C81D /* ARPlayerTestHarness.app */;
			productType = "com.apple.product-type.application";
		};
		93E26114222C3C2A00C4C81D /* ARPlayerTests */ = {
			isa = PBXNativeTarget;
			buildConfigurationList = 93E2611F222C3C2A00C4C81D /* Build configuration list for PBXNativeTarget "ARPlayerTests" */;
			buildPhases = (
				93E26111222C3C2A00C4C81D /* Sources */,
				93E26112222C3C2A00C4C81D /* Frameworks */,
				93E26113222C3C2A00C4C81D /* Resources */,
			);
			buildRules = (
			);
			dependencies = (
				93E26117222C3C2A00C4C81D /* PBXTargetDependency */,
			);
			name = ARPlayerTests;
			productName = ARPlayerTestHarnessTests;
			productReference = 93E26115222C3C2A00C4C81D /* ARPlayerTests.xctest */;
			productType = "com.apple.product-type.bundle.unit-test";
		};
/* End PBXNativeTarget section */

/* Begin PBXProject section */
		6D2A5E251F73233F0095F03A /* Project object */ = {
			isa = PBXProject;
			attributes = {
				LastUpgradeCheck = 1000;
				ORGANIZATIONNAME = "Maxim Makhun";
				TargetAttributes = {
					6D2A5E2C1F73233F0095F03A = {
						CreatedOnToolsVersion = 9.0;
						ProvisioningStyle = Automatic;
					};
					93E260FD222C3C2800C4C81D = {
						CreatedOnToolsVersion = 10.1;
						ProvisioningStyle = Automatic;
					};
					93E26114222C3C2A00C4C81D = {
						CreatedOnToolsVersion = 10.1;
						ProvisioningStyle = Automatic;
						TestTargetID = 93E260FD222C3C2800C4C81D;
					};
				};
			};
			buildConfigurationList = 6D2A5E281F73233F0095F03A /* Build configuration list for PBXProject "ARPlayer" */;
			compatibilityVersion = "Xcode 8.0";
			developmentRegion = en;
			hasScannedForEncodings = 0;
			knownRegions = (
				en,
				Base,
			);
			mainGroup = 6D2A5E241F73233F0095F03A;
			productRefGroup = 6D2A5E2E1F73233F0095F03A /* Products */;
			projectDirPath = "";
			projectRoot = "";
			targets = (
				6D2A5E2C1F73233F0095F03A /* ARPlayer */,
				93E260FD222C3C2800C4C81D /* ARPlayerTestHarness */,
				93E26114222C3C2A00C4C81D /* ARPlayerTests */,
			);
		};
/* End PBXProject section */

/* Begin PBXResourcesBuildPhase section */
		6D2A5E2B1F73233F0095F03A /* Resources */ = {
			isa = PBXResourcesBuildPhase;
			buildActionMask = 2147483647;
			files = (
				6DA2E01E1F7E655100B82663 /* Art.scnassets in Resources */,
				6D2A5E3D1F73233F0095F03A /* LaunchScreen.storyboard in Resources */,
				6D14D0DC1F86C6A800726514 /* sample_video_iTunes.mov in Resources */,
				6D2A5E3A1F73233F0095F03A /* Assets.xcassets in Resources */,
				6D1BB4251F77D3B100E5175E /* PlayerViewController.xib in Resources */,
				6D1BB4201F77D2C500E5175E /* SettingsViewController.xib in Resources */,
			);
			runOnlyForDeploymentPostprocessing = 0;
		};
		93E260FC222C3C2800C4C81D /* Resources */ = {
			isa = PBXResourcesBuildPhase;
			buildActionMask = 2147483647;
			files = (
				93E2610D222C3C2A00C4C81D /* LaunchScreen.storyboard in Resources */,
				93E2610A222C3C2A00C4C81D /* Assets.xcassets in Resources */,
				93E26108222C3C2800C4C81D /* Main.storyboard in Resources */,
			);
			runOnlyForDeploymentPostprocessing = 0;
		};
		93E26113222C3C2A00C4C81D /* Resources */ = {
			isa = PBXResourcesBuildPhase;
			buildActionMask = 2147483647;
			files = (
			);
			runOnlyForDeploymentPostprocessing = 0;
		};
/* End PBXResourcesBuildPhase section */

/* Begin PBXSourcesBuildPhase section */
		6D2A5E291F73233F0095F03A /* Sources */ = {
			isa = PBXSourcesBuildPhase;
			buildActionMask = 2147483647;
			files = (
				93DA5A5F222D76F800CA1B8B /* NodeInsertionHandler.m in Sources */,
				6D2A5E401F73233F0095F03A /* main.m in Sources */,
				93ED08E0222C71910061433C /* SwitchTrackNode.m in Sources */,
				6D0679061F803D8F0081574B /* PlayNode.m in Sources */,
				93DA5A3D222D458100CA1B8B /* PlaneRendererDelegate.m in Sources */,
				6D2A5E481F7323930095F03A /* MediaPlayerNode.m in Sources */,
				93E260E2222C35FB00C4C81D /* UIViewController+Helpers.m in Sources */,
				93E260E5222C37F400C4C81D /* SCNNode+Helpers.m in Sources */,
				93B47298222EC41E00F1FF0C /* VideoRendererNode.m in Sources */,
				6D1BB41F1F77D2C500E5175E /* SettingsViewController.m in Sources */,
				93DA5A5C222D73B300CA1B8B /* NodePlaybackHandler.m in Sources */,
				93DA5A36222D3BA800CA1B8B /* PlaylistService.m in Sources */,
				6D1BB4241F77D3B100E5175E /* PlayerViewController.m in Sources */,
				6D15BA301F744F4C002FABB0 /* PlaneRendererNode.m in Sources */,
				93E2612D222C42CD00C4C81D /* Constants.m in Sources */,
				93ED08F2222C909A0061433C /* NSDateFormatter+Helpers.m in Sources */,
				93ED08E3222C72630061433C /* PreviousTrackNode.m in Sources */,
				6D22FD051F768EAE006CDBD5 /* SettingsManager.m in Sources */,
				93DA5A40222D48F900CA1B8B /* SceneGestureRecognizerDelegate.m in Sources */,
				6D06790F1F804CDB0081574B /* TVNode.m in Sources */,
				93DA5A65222D788800CA1B8B /* NodeRotationHandler.m in Sources */,
				6D0679091F803DA20081574B /* StopNode.m in Sources */,
				93ED08EB222C8A3E0061433C /* SCNMaterial+Contents.m in Sources */,
				6DCC3AB81F85785300E4C94B /* NextTrackNode.m in Sources */,
				93DA5A68222D797A00CA1B8B /* NodeScaleHandler.m in Sources */,
				6D2A5E321F73233F0095F03A /* AppDelegate.m in Sources */,
				6D06790C1F803DB00081574B /* CurrentTimeNode.m in Sources */,
				93DA5A3A222D3F1600CA1B8B /* ControlNode.m in Sources */,
				93DA5A6E222D99C900CA1B8B /* UIImpactFeedbackGenerator+Helpers.m in Sources */,
				93DA5A62222D77D200CA1B8B /* NodePositionHandler.m in Sources */,
			);
			runOnlyForDeploymentPostprocessing = 0;
		};
		93E260FA222C3C2800C4C81D /* Sources */ = {
			isa = PBXSourcesBuildPhase;
			buildActionMask = 2147483647;
			files = (
				93ED08EF222C8CAB0061433C /* SCNMaterial+Contents.m in Sources */,
				93E2612F222C4A2E00C4C81D /* SCNNode+Helpers.m in Sources */,
				93E26105222C3C2800C4C81D /* ViewController.m in Sources */,
				93E26110222C3C2A00C4C81D /* main.m in Sources */,
				93E26102222C3C2800C4C81D /* AppDelegate.m in Sources */,
				93ED08F4222C90E20061433C /* NSDateFormatter+Helpers.m in Sources */,
				93E2613A222C5B1700C4C81D /* SettingsManager.m in Sources */,
				93E2613B222C5B2300C4C81D /* Constants.m in Sources */,
			);
			runOnlyForDeploymentPostprocessing = 0;
		};
		93E26111222C3C2A00C4C81D /* Sources */ = {
			isa = PBXSourcesBuildPhase;
			buildActionMask = 2147483647;
			files = (
				93ED08EE222C8CAA0061433C /* SCNMaterial+Contents.m in Sources */,
				93E2613C222C5B2400C4C81D /* Constants.m in Sources */,
				93ED08ED222C8C830061433C /* SCNMaterial+ColorsTests.m in Sources */,
				93DA5A72222DC3F600CA1B8B /* NSDateFormatter+HelpersTests.m in Sources */,
				93E26130222C4A3600C4C81D /* SCNNode+Helpers.m in Sources */,
				93E26139222C5B1700C4C81D /* SettingsManager.m in Sources */,
				93ED08F3222C90E10061433C /* NSDateFormatter+Helpers.m in Sources */,
				93E26126222C407500C4C81D /* SCNNode+HelpersTests.m in Sources */,
				93E26132222C4D0500C4C81D /* SettingsTests.m in Sources */,
			);
			runOnlyForDeploymentPostprocessing = 0;
		};
/* End PBXSourcesBuildPhase section */

/* Begin PBXTargetDependency section */
		93E26117222C3C2A00C4C81D /* PBXTargetDependency */ = {
			isa = PBXTargetDependency;
			target = 93E260FD222C3C2800C4C81D /* ARPlayerTestHarness */;
			targetProxy = 93E26116222C3C2A00C4C81D /* PBXContainerItemProxy */;
		};
/* End PBXTargetDependency section */

/* Begin PBXVariantGroup section */
		6D2A5E3B1F73233F0095F03A /* LaunchScreen.storyboard */ = {
			isa = PBXVariantGroup;
			children = (
				6D2A5E3C1F73233F0095F03A /* Base */,
			);
			name = LaunchScreen.storyboard;
			sourceTree = "<group>";
		};
		93E26106222C3C2800C4C81D /* Main.storyboard */ = {
			isa = PBXVariantGroup;
			children = (
				93E26107222C3C2800C4C81D /* Base */,
			);
			name = Main.storyboard;
			sourceTree = "<group>";
		};
		93E2610B222C3C2A00C4C81D /* LaunchScreen.storyboard */ = {
			isa = PBXVariantGroup;
			children = (
				93E2610C222C3C2A00C4C81D /* Base */,
			);
			name = LaunchScreen.storyboard;
			sourceTree = "<group>";
		};
/* End PBXVariantGroup section */

/* Begin XCBuildConfiguration section */
		6D2A5E411F73233F0095F03A /* Debug */ = {
			isa = XCBuildConfiguration;
			buildSettings = {
				ALWAYS_SEARCH_USER_PATHS = NO;
				CLANG_ANALYZER_NONNULL = YES;
				CLANG_ANALYZER_NUMBER_OBJECT_CONVERSION = YES_AGGRESSIVE;
				CLANG_CXX_LANGUAGE_STANDARD = "gnu++14";
				CLANG_CXX_LIBRARY = "libc++";
				CLANG_ENABLE_MODULES = YES;
				CLANG_ENABLE_OBJC_ARC = YES;
				CLANG_WARN_BLOCK_CAPTURE_AUTORELEASING = YES;
				CLANG_WARN_BOOL_CONVERSION = YES;
				CLANG_WARN_COMMA = YES;
				CLANG_WARN_CONSTANT_CONVERSION = YES;
				CLANG_WARN_DEPRECATED_OBJC_IMPLEMENTATIONS = YES;
				CLANG_WARN_DIRECT_OBJC_ISA_USAGE = YES_ERROR;
				CLANG_WARN_DOCUMENTATION_COMMENTS = YES;
				CLANG_WARN_EMPTY_BODY = YES;
				CLANG_WARN_ENUM_CONVERSION = YES;
				CLANG_WARN_INFINITE_RECURSION = YES;
				CLANG_WARN_INT_CONVERSION = YES;
				CLANG_WARN_NON_LITERAL_NULL_CONVERSION = YES;
				CLANG_WARN_OBJC_IMPLICIT_RETAIN_SELF = YES;
				CLANG_WARN_OBJC_LITERAL_CONVERSION = YES;
				CLANG_WARN_OBJC_ROOT_CLASS = YES_ERROR;
				CLANG_WARN_RANGE_LOOP_ANALYSIS = YES;
				CLANG_WARN_STRICT_PROTOTYPES = YES;
				CLANG_WARN_SUSPICIOUS_MOVE = YES;
				CLANG_WARN_UNGUARDED_AVAILABILITY = YES_AGGRESSIVE;
				CLANG_WARN_UNREACHABLE_CODE = YES;
				CLANG_WARN__DUPLICATE_METHOD_MATCH = YES;
				CODE_SIGN_IDENTITY = "iPhone Developer";
				COPY_PHASE_STRIP = NO;
				DEBUG_INFORMATION_FORMAT = dwarf;
				ENABLE_STRICT_OBJC_MSGSEND = YES;
				ENABLE_TESTABILITY = YES;
				GCC_C_LANGUAGE_STANDARD = gnu11;
				GCC_DYNAMIC_NO_PIC = NO;
				GCC_NO_COMMON_BLOCKS = YES;
				GCC_OPTIMIZATION_LEVEL = 0;
				GCC_PREPROCESSOR_DEFINITIONS = (
					"DEBUG=1",
					"$(inherited)",
				);
				GCC_WARN_64_TO_32_BIT_CONVERSION = YES;
				GCC_WARN_ABOUT_RETURN_TYPE = YES_ERROR;
				GCC_WARN_UNDECLARED_SELECTOR = YES;
				GCC_WARN_UNINITIALIZED_AUTOS = YES_AGGRESSIVE;
				GCC_WARN_UNUSED_FUNCTION = YES;
				GCC_WARN_UNUSED_VARIABLE = YES;
				IPHONEOS_DEPLOYMENT_TARGET = 11.0;
				MTL_ENABLE_DEBUG_INFO = YES;
				ONLY_ACTIVE_ARCH = YES;
				SDKROOT = iphoneos;
			};
			name = Debug;
		};
		6D2A5E421F73233F0095F03A /* Release */ = {
			isa = XCBuildConfiguration;
			buildSettings = {
				ALWAYS_SEARCH_USER_PATHS = NO;
				CLANG_ANALYZER_NONNULL = YES;
				CLANG_ANALYZER_NUMBER_OBJECT_CONVERSION = YES_AGGRESSIVE;
				CLANG_CXX_LANGUAGE_STANDARD = "gnu++14";
				CLANG_CXX_LIBRARY = "libc++";
				CLANG_ENABLE_MODULES = YES;
				CLANG_ENABLE_OBJC_ARC = YES;
				CLANG_WARN_BLOCK_CAPTURE_AUTORELEASING = YES;
				CLANG_WARN_BOOL_CONVERSION = YES;
				CLANG_WARN_COMMA = YES;
				CLANG_WARN_CONSTANT_CONVERSION = YES;
				CLANG_WARN_DEPRECATED_OBJC_IMPLEMENTATIONS = YES;
				CLANG_WARN_DIRECT_OBJC_ISA_USAGE = YES_ERROR;
				CLANG_WARN_DOCUMENTATION_COMMENTS = YES;
				CLANG_WARN_EMPTY_BODY = YES;
				CLANG_WARN_ENUM_CONVERSION = YES;
				CLANG_WARN_INFINITE_RECURSION = YES;
				CLANG_WARN_INT_CONVERSION = YES;
				CLANG_WARN_NON_LITERAL_NULL_CONVERSION = YES;
				CLANG_WARN_OBJC_IMPLICIT_RETAIN_SELF = YES;
				CLANG_WARN_OBJC_LITERAL_CONVERSION = YES;
				CLANG_WARN_OBJC_ROOT_CLASS = YES_ERROR;
				CLANG_WARN_RANGE_LOOP_ANALYSIS = YES;
				CLANG_WARN_STRICT_PROTOTYPES = YES;
				CLANG_WARN_SUSPICIOUS_MOVE = YES;
				CLANG_WARN_UNGUARDED_AVAILABILITY = YES_AGGRESSIVE;
				CLANG_WARN_UNREACHABLE_CODE = YES;
				CLANG_WARN__DUPLICATE_METHOD_MATCH = YES;
				CODE_SIGN_IDENTITY = "iPhone Developer";
				COPY_PHASE_STRIP = NO;
				DEBUG_INFORMATION_FORMAT = "dwarf-with-dsym";
				ENABLE_NS_ASSERTIONS = NO;
				ENABLE_STRICT_OBJC_MSGSEND = YES;
				GCC_C_LANGUAGE_STANDARD = gnu11;
				GCC_NO_COMMON_BLOCKS = YES;
				GCC_WARN_64_TO_32_BIT_CONVERSION = YES;
				GCC_WARN_ABOUT_RETURN_TYPE = YES_ERROR;
				GCC_WARN_UNDECLARED_SELECTOR = YES;
				GCC_WARN_UNINITIALIZED_AUTOS = YES_AGGRESSIVE;
				GCC_WARN_UNUSED_FUNCTION = YES;
				GCC_WARN_UNUSED_VARIABLE = YES;
				IPHONEOS_DEPLOYMENT_TARGET = 11.0;
				MTL_ENABLE_DEBUG_INFO = NO;
				SDKROOT = iphoneos;
				VALIDATE_PRODUCT = YES;
			};
			name = Release;
		};
		6D2A5E441F73233F0095F03A /* Debug */ = {
			isa = XCBuildConfiguration;
			buildSettings = {
				ASSETCATALOG_COMPILER_APPICON_NAME = AppIcon;
				CODE_SIGN_STYLE = Automatic;
				DEVELOPMENT_TEAM = P4RNZKZ54K;
				INFOPLIST_FILE = ARPlayer/Info.plist;
				LD_RUNPATH_SEARCH_PATHS = "$(inherited) @executable_path/Frameworks";
				PRODUCT_BUNDLE_IDENTIFIER = com.makhun.ARPlayer;
				PRODUCT_NAME = "$(TARGET_NAME)";
				TARGETED_DEVICE_FAMILY = "1,2";
			};
			name = Debug;
		};
		6D2A5E451F73233F0095F03A /* Release */ = {
			isa = XCBuildConfiguration;
			buildSettings = {
				ASSETCATALOG_COMPILER_APPICON_NAME = AppIcon;
				CODE_SIGN_STYLE = Automatic;
				DEVELOPMENT_TEAM = P4RNZKZ54K;
				INFOPLIST_FILE = ARPlayer/Info.plist;
				LD_RUNPATH_SEARCH_PATHS = "$(inherited) @executable_path/Frameworks";
				PRODUCT_BUNDLE_IDENTIFIER = com.makhun.ARPlayer;
				PRODUCT_NAME = "$(TARGET_NAME)";
				TARGETED_DEVICE_FAMILY = "1,2";
			};
			name = Release;
		};
		93E2611D222C3C2A00C4C81D /* Debug */ = {
			isa = XCBuildConfiguration;
			buildSettings = {
				ASSETCATALOG_COMPILER_APPICON_NAME = AppIcon;
				CLANG_ENABLE_OBJC_WEAK = YES;
				CODE_SIGN_STYLE = Automatic;
				DEVELOPMENT_TEAM = P4RNZKZ54K;
				INFOPLIST_FILE = ARPlayerTestHarness/Info.plist;
				IPHONEOS_DEPLOYMENT_TARGET = 12.1;
				LD_RUNPATH_SEARCH_PATHS = "$(inherited) @executable_path/Frameworks";
				MTL_ENABLE_DEBUG_INFO = INCLUDE_SOURCE;
				MTL_FAST_MATH = YES;
				PRODUCT_BUNDLE_IDENTIFIER = com.makhun.ARPlayerTestHarness;
				PRODUCT_NAME = "$(TARGET_NAME)";
				TARGETED_DEVICE_FAMILY = "1,2";
			};
			name = Debug;
		};
		93E2611E222C3C2A00C4C81D /* Release */ = {
			isa = XCBuildConfiguration;
			buildSettings = {
				ASSETCATALOG_COMPILER_APPICON_NAME = AppIcon;
				CLANG_ENABLE_OBJC_WEAK = YES;
				CODE_SIGN_STYLE = Automatic;
				DEVELOPMENT_TEAM = P4RNZKZ54K;
				INFOPLIST_FILE = ARPlayerTestHarness/Info.plist;
				IPHONEOS_DEPLOYMENT_TARGET = 12.1;
				LD_RUNPATH_SEARCH_PATHS = "$(inherited) @executable_path/Frameworks";
				MTL_FAST_MATH = YES;
				PRODUCT_BUNDLE_IDENTIFIER = com.makhun.ARPlayerTestHarness;
				PRODUCT_NAME = "$(TARGET_NAME)";
				TARGETED_DEVICE_FAMILY = "1,2";
			};
			name = Release;
		};
		93E26120222C3C2A00C4C81D /* Debug */ = {
			isa = XCBuildConfiguration;
			buildSettings = {
				BUNDLE_LOADER = "$(TEST_HOST)";
				CLANG_ENABLE_OBJC_WEAK = YES;
				CODE_SIGN_STYLE = Automatic;
				DEVELOPMENT_TEAM = P4RNZKZ54K;
				INFOPLIST_FILE = ARPlayerTests/Info.plist;
				IPHONEOS_DEPLOYMENT_TARGET = 12.1;
				LD_RUNPATH_SEARCH_PATHS = "$(inherited) @executable_path/Frameworks @loader_path/Frameworks";
				MTL_ENABLE_DEBUG_INFO = INCLUDE_SOURCE;
				MTL_FAST_MATH = YES;
				PRODUCT_BUNDLE_IDENTIFIER = com.makhun.ARPlayerTests;
				PRODUCT_NAME = "$(TARGET_NAME)";
				TARGETED_DEVICE_FAMILY = "1,2";
				TEST_HOST = "$(BUILT_PRODUCTS_DIR)/ARPlayerTestHarness.app/ARPlayerTestHarness";
			};
			name = Debug;
		};
		93E26121222C3C2A00C4C81D /* Release */ = {
			isa = XCBuildConfiguration;
			buildSettings = {
				BUNDLE_LOADER = "$(TEST_HOST)";
				CLANG_ENABLE_OBJC_WEAK = YES;
				CODE_SIGN_STYLE = Automatic;
				DEVELOPMENT_TEAM = P4RNZKZ54K;
				INFOPLIST_FILE = ARPlayerTests/Info.plist;
				IPHONEOS_DEPLOYMENT_TARGET = 12.1;
				LD_RUNPATH_SEARCH_PATHS = "$(inherited) @executable_path/Frameworks @loader_path/Frameworks";
				MTL_FAST_MATH = YES;
				PRODUCT_BUNDLE_IDENTIFIER = com.makhun.ARPlayerTests;
				PRODUCT_NAME = "$(TARGET_NAME)";
				TARGETED_DEVICE_FAMILY = "1,2";
				TEST_HOST = "$(BUILT_PRODUCTS_DIR)/ARPlayerTestHarness.app/ARPlayerTestHarness";
			};
			name = Release;
		};
/* End XCBuildConfiguration section */

/* Begin XCConfigurationList section */
		6D2A5E281F73233F0095F03A /* Build configuration list for PBXProject "ARPlayer" */ = {
			isa = XCConfigurationList;
			buildConfigurations = (
				6D2A5E411F73233F0095F03A /* Debug */,
				6D2A5E421F73233F0095F03A /* Release */,
			);
			defaultConfigurationIsVisible = 0;
			defaultConfigurationName = Release;
		};
		6D2A5E431F73233F0095F03A /* Build configuration list for PBXNativeTarget "ARPlayer" */ = {
			isa = XCConfigurationList;
			buildConfigurations = (
				6D2A5E441F73233F0095F03A /* Debug */,
				6D2A5E451F73233F0095F03A /* Release */,
			);
			defaultConfigurationIsVisible = 0;
			defaultConfigurationName = Release;
		};
		93E2611C222C3C2A00C4C81D /* Build configuration list for PBXNativeTarget "ARPlayerTestHarness" */ = {
			isa = XCConfigurationList;
			buildConfigurations = (
				93E2611D222C3C2A00C4C81D /* Debug */,
				93E2611E222C3C2A00C4C81D /* Release */,
			);
			defaultConfigurationIsVisible = 0;
			defaultConfigurationName = Release;
		};
		93E2611F222C3C2A00C4C81D /* Build configuration list for PBXNativeTarget "ARPlayerTests" */ = {
			isa = XCConfigurationList;
			buildConfigurations = (
				93E26120222C3C2A00C4C81D /* Debug */,
				93E26121222C3C2A00C4C81D /* Release */,
			);
			defaultConfigurationIsVisible = 0;
			defaultConfigurationName = Release;
		};
/* End XCConfigurationList section */
	};
	rootObject = 6D2A5E251F73233F0095F03A /* Project object */;
}
